
Microsoft Visual Studio Solution File, Format Version 12.00
# Visual Studio 14
VisualStudioVersion = 14.0.25123.0
MinimumVisualStudioVersion = 10.0.40219.1
Project("{FAE04EC0-301F-11D3-BF4B-00C04F79EFBC}") = "ScheduleInsertionTree", "ScheduleInsertionTree\ScheduleInsertionTree.csproj", "{44060996-6B02-49AB-9C77-F1C9179F1751}"
EndProject
Project("{FAE04EC0-301F-11D3-BF4B-00C04F79EFBC}") = "ScheduleInsertionTree.Test", "ScheduleInsertionTree.Test\ScheduleInsertionTree.Test.csproj", "{948D58E3-E70E-4B08-A435-18DC047162A7}"
EndProject
Global
	GlobalSection(SolutionConfigurationPlatforms) = preSolution
		Debug|Any CPU = Debug|Any CPU
		Release|Any CPU = Release|Any CPU
	EndGlobalSection
	GlobalSection(ProjectConfigurationPlatforms) = postSolution
		{44060996-6B02-49AB-9C77-F1C9179F1751}.Debug|Any CPU.ActiveCfg = Debug|Any CPU
		{44060996-6B02-49AB-9C77-F1C9179F1751}.Debug|Any CPU.Build.0 = Debug|Any CPU
		{44060996-6B02-49AB-9C77-F1C9179F1751}.Release|Any CPU.ActiveCfg = Release|Any CPU
		{44060996-6B02-49AB-9C77-F1C9179F1751}.Release|Any CPU.Build.0 = Release|Any CPU
		{948D58E3-E70E-4B08-A435-18DC047162A7}.Debug|Any CPU.ActiveCfg = Debug|Any CPU
		{948D58E3-E70E-4B08-A435-18DC047162A7}.Debug|Any CPU.Build.0 = Debug|Any CPU
		{948D58E3-E70E-4B08-A435-18DC047162A7}.Release|Any CPU.ActiveCfg = Release|Any CPU
		{948D58E3-E70E-4B08-A435-18DC047162A7}.Release|Any CPU.Build.0 = Release|Any CPU
	EndGlobalSection
	GlobalSection(SolutionProperties) = preSolution
		HideSolutionNode = FALSE
	EndGlobalSection
EndGlobal
